
Microsoft Visual Studio Solution File, Format Version 12.00
# Visual Studio 15
VisualStudioVersion = 15.0.28010.2050
MinimumVisualStudioVersion = 10.0.40219.1
Project("{FAE04EC0-301F-11D3-BF4B-00C04F79EFBC}") = "Algorithms (coursework)", "Algorithms (coursework)\Algorithms (coursework).csproj", "{80D1016C-E99F-4244-B175-221006D5F72A}"
EndProject
Global
	GlobalSection(SolutionConfigurationPlatforms) = preSolution
		Debug|Any CPU = Debug|Any CPU
		Release|Any CPU = Release|Any CPU
	EndGlobalSection
	GlobalSection(ProjectConfigurationPlatforms) = postSolution
		{80D1016C-E99F-4244-B175-221006D5F72A}.Debug|Any CPU.ActiveCfg = Debug|Any CPU
		{80D1016C-E99F-4244-B175-221006D5F72A}.Debug|Any CPU.Build.0 = Debug|Any CPU
		{80D1016C-E99F-4244-B175-221006D5F72A}.Release|Any CPU.ActiveCfg = Release|Any CPU
		{80D1016C-E99F-4244-B175-221006D5F72A}.Release|Any CPU.Build.0 = Release|Any CPU
	EndGlobalSection
	GlobalSection(SolutionProperties) = preSolution
		HideSolutionNode = FALSE
	EndGlobalSection
	GlobalSection(ExtensibilityGlobals) = postSolution
		SolutionGuid = {F2EE2BC8-7321-404E-A4D5-7454C185B765}
	EndGlobalSection
EndGlobal
